PODS:
  - AFNetworking (3.1.0):
    - AFNetworking/NSURLSession (= 3.1.0)
    - AFNetworking/Reachability (= 3.1.0)
    - AFNetworking/Security (= 3.1.0)
    - AFNetworking/Serialization (= 3.1.0)
    - AFNetworking/UIKit (= 3.1.0)
  - AFNetworking/NSURLSession (3.1.0):
    - AFNetworking/Reachability
    - AFNetworking/Security
    - AFNetworking/Serialization
  - AFNetworking/Reachability (3.1.0)
  - AFNetworking/Security (3.1.0)
  - AFNetworking/Serialization (3.1.0)
  - AFNetworking/UIKit (3.1.0):
    - AFNetworking/NSURLSession
  - BmobSDK (2.1.7)
  - MTCardLayout (1.0.3)
  - Reveal-SDK (8)
  - SDAutoLayout (2.1.8)
  - SDCycleScrollView (1.66):
    - SDWebImage (~> 4.0.0)
  - SDWebImage (4.0.0):
    - SDWebImage/Core (= 4.0.0)
  - SDWebImage/Core (4.0.0)
  - SIAlertView (1.3)

DEPENDENCIES:
  - AFNetworking
  - BmobSDK
  - MTCardLayout
  - Reveal-SDK
  - SDAutoLayout
  - SDCycleScrollView
  - SDWebImage
  - SIAlertView

SPEC CHECKSUMS:
  AFNetworking: 5e0e199f73d8626b11e79750991f5d173d1f8b67
  BmobSDK: 23cbfbde2a7cfaeb0c8a946953a266fe5211e7f6
  MTCardLayout: 3baf5ac3bd21e6149b561dd7bca708f1ceccf962
  Reveal-SDK: 43be4e662864e937960d0d04d005135e29c4e53b
  SDAutoLayout: 5a4b48d6b8a5172ae8d088d2879e40dd795e6251
  SDCycleScrollView: e3ade90e9b3159bec04330b208fbfd81c3f3b671
  SDWebImage: 76a6348bdc74eb5a55dd08a091ef298e56b55e41
  SIAlertView: 20c794b55eaf44d888773ea51647cf8907723919

PODFILE CHECKSUM: 31f7166cc8efc0616f79340b51e726cba93d9251

COCOAPODS: 1.2.1
